
Microsoft Visual Studio Solution File, Format Version 12.00
# Visual Studio 14
VisualStudioVersion = 14.0.23107.0
MinimumVisualStudioVersion = 10.0.40219.1
Project("{FAE04EC0-301F-11D3-BF4B-00C04F79EFBC}") = "CallingDLL", "CallingDLL\CallingDLL.csproj", "{B67536C0-FC2E-4DFD-883C-ACBFC1D686BF}"
EndProject
Project("{FAE04EC0-301F-11D3-BF4B-00C04F79EFBC}") = "CommonFuncs", "CommonFuncs\CommonFuncs.csproj", "{E6F1902B-F328-439C-BA19-E9989A265ED6}"
EndProject
Project("{FAE04EC0-301F-11D3-BF4B-00C04F79EFBC}") = "CallingDLLUI", "CallingDLLUI\CallingDLLUI.csproj", "{42DC12C3-26AC-4388-B5DC-2E8D39826F4B}"
EndProject
Global
	GlobalSection(SolutionConfigurationPlatforms) = preSolution
		Debug|Any CPU = Debug|Any CPU
		Release|Any CPU = Release|Any CPU
	EndGlobalSection
	GlobalSection(ProjectConfigurationPlatforms) = postSolution
		{B67536C0-FC2E-4DFD-883C-ACBFC1D686BF}.Debug|Any CPU.ActiveCfg = Debug|Any CPU
		{B67536C0-FC2E-4DFD-883C-ACBFC1D686BF}.Debug|Any CPU.Build.0 = Debug|Any CPU
		{B67536C0-FC2E-4DFD-883C-ACBFC1D686BF}.Release|Any CPU.ActiveCfg = Release|Any CPU
		{B67536C0-FC2E-4DFD-883C-ACBFC1D686BF}.Release|Any CPU.Build.0 = Release|Any CPU
		{E6F1902B-F328-439C-BA19-E9989A265ED6}.Debug|Any CPU.ActiveCfg = Debug|Any CPU
		{E6F1902B-F328-439C-BA19-E9989A265ED6}.Debug|Any CPU.Build.0 = Debug|Any CPU
		{E6F1902B-F328-439C-BA19-E9989A265ED6}.Release|Any CPU.ActiveCfg = Release|Any CPU
		{E6F1902B-F328-439C-BA19-E9989A265ED6}.Release|Any CPU.Build.0 = Release|Any CPU
		{42DC12C3-26AC-4388-B5DC-2E8D39826F4B}.Debug|Any CPU.ActiveCfg = Debug|Any CPU
		{42DC12C3-26AC-4388-B5DC-2E8D39826F4B}.Debug|Any CPU.Build.0 = Debug|Any CPU
		{42DC12C3-26AC-4388-B5DC-2E8D39826F4B}.Release|Any CPU.ActiveCfg = Release|Any CPU
		{42DC12C3-26AC-4388-B5DC-2E8D39826F4B}.Release|Any CPU.Build.0 = Release|Any CPU
	EndGlobalSection
	GlobalSection(SolutionProperties) = preSolution
		HideSolutionNode = FALSE
	EndGlobalSection
EndGlobal
